{
  "version": "5",
  "specifiers": {
    "jsr:@core/asyncutil@^1.2.0": "1.2.0",
    "jsr:@miyauci/format@^1.1.0": "1.1.0",
    "jsr:@std/bytes@^1.0.6": "1.0.6",
    "jsr:@std/crypto@^1.1.0": "1.1.0",
    "jsr:@std/csv@*": "1.0.6",
    "jsr:@std/csv@^1.0.6": "1.0.6",
    "jsr:@std/encoding@^1.0.10": "1.0.10",
    "jsr:@std/fs@^1.0.24": "1.0.24",
    "jsr:@std/internal@^1.0.14": "1.0.14",
    "jsr:@std/path@^1.1.5": "1.1.5",
    "jsr:@std/regexp@0.221": "0.221.0",
    "jsr:@std/streams@^1.0.9": "1.0.14"
  },
  "jsr": {
    "@core/asyncutil@1.2.0": {
      "integrity": "9967f15190c60df032c13f72ce5ac73d185c34f31c53dc918d8800025854c118"
    },
    "@miyauci/format@1.1.0": {
      "integrity": "28467f7b2f50c3bef19bdb73f3e0ee348e4171883c37fcf7bf2ae5277c45925a",
      "dependencies": [
        "jsr:@std/regexp"
      ]
    },
    "@std/bytes@1.0.6": {
      "integrity": "f6ac6adbd8ccd99314045f5703e23af0a68d7f7e58364b47d2c7f408aeb5820a"
    },
    "@std/crypto@1.1.0": {
      "integrity": "b8d6d0a6377a32b213af2661ed7bf1062d94feac0c57def5526a8e74a95c3ec8"
    },
    "@std/csv@1.0.6": {
      "integrity": "52ef0e62799a0028d278fa04762f17f9bd263fad9a8e7f98c14fbd371d62d9fd",
      "dependencies": [
        "jsr:@std/streams"
      ]
    },
    "@std/encoding@1.0.10": {
      "integrity": "8783c6384a2d13abd5e9e87a7ae0520a30e9f56aeeaa3bdf910a3eaaf5c811a1"
    },
    "@std/fs@1.0.24": {
      "integrity": "f3061b45b81673a2bece689da041df32d174be064c89eb6397fb5718d3fb7877",
      "dependencies": [
        "jsr:@std/internal",
        "jsr:@std/path"
      ]
    },
    "@std/internal@1.0.14": {
      "integrity": "291516b3d4c35024d6ffbc0a9df5bf4c64116e05b50012cf846710152d2ffdf7"
    },
    "@std/path@1.1.5": {
      "integrity": "ccea00982ea28c36becaf6e62f855406c76a8c32d462f66f415bbb7d83a271bc",
      "dependencies": [
        "jsr:@std/internal"
      ]
    },
    "@std/regexp@0.221.0": {
      "integrity": "6ef49d56386414ed448252aeda15573087b69eb2c4b59dd7390506cc76ac7f6d"
    },
    "@std/streams@1.0.14": {
      "integrity": "c0df6cdd73bd4bbcbe4baa89e323b88418c90ceb2d926f95aa99bdcdbfca2411",
      "dependencies": [
        "jsr:@std/bytes"
      ]
    }
  },
  "remote": {
    "https://deno.land/x/html_entities@v1.0/lib/html4-entities.js": "785ec3cf742704512fb95ac56dcc8219045d5a414b12736bb4ce43619aedd5e6",
    "https://deno.land/x/html_entities@v1.0/lib/html5-entities.js": "e3c9aee1358a9390ad5b790bbeeeb3baed73f86d9f3534636dbcce8100a9b5c2",
    "https://deno.land/x/html_entities@v1.0/lib/xml-entities.js": "cbbc40f7b6fd1f925508ff7d43a52d2383a57a64d0aaa3a7a1eca9d4155e4bde",
    "https://deno.land/x/html_entities@v1.0/mod.js": "1abee52d273ed6ee1a43a3af47d4f2fa98e9e98ba6c519ea32259780daa0b3b6"
  },
  "workspace": {
    "dependencies": [
      "jsr:@core/asyncutil@^1.2.0",
      "jsr:@miyauci/format@^1.1.0",
      "jsr:@std/crypto@^1.1.0",
      "jsr:@std/csv@^1.0.6",
      "jsr:@std/encoding@^1.0.10",
      "jsr:@std/fs@^1.0.24",
      "jsr:@std/path@^1.1.5"
    ]
  }
}
