{
  "version": "5",
  "specifiers": {
    "jsr:@std/csv@*": "1.0.6",
    "jsr:@std/streams@^1.0.9": "1.0.14"
  },
  "jsr": {
    "@std/csv@1.0.6": {
      "integrity": "52ef0e62799a0028d278fa04762f17f9bd263fad9a8e7f98c14fbd371d62d9fd",
      "dependencies": [
        "jsr:@std/streams"
      ]
    },
    "@std/streams@1.0.14": {
      "integrity": "c0df6cdd73bd4bbcbe4baa89e323b88418c90ceb2d926f95aa99bdcdbfca2411"
    }
  }
}
